GIT
  remote: https://github.com/depfutest/devfu.git
  revision: 0d925456187b86839c7547a22db462efa7dfd757
  ref: new-version
  specs:
    testfu (2.1.0)

GEM
  remote: https://rubygems.org/
  specs:
    rake (10.5.0)

PLATFORMS
  ruby

DEPENDENCIES
  rake (~> 10.0)
  testfu!

BUNDLED WITH
   1.17.1
